
Microsoft Visual Studio Solution File, Format Version 12.00
# Visual Studio Version 16
VisualStudioVersion = 16.0.33920.266
MinimumVisualStudioVersion = 10.0.40219.1
Project("{FAE04EC0-301F-11D3-BF4B-00C04F79EFBC}") = "DemoProject", "DemoProject\DemoProject.csproj", "{BD51C1D9-2FAB-41DD-987C-FE965860A3C5}"
EndProject
Project("{FAE04EC0-301F-11D3-BF4B-00C04F79EFBC}") = "ClassLibrary1", "ClassLibrary1\ClassLibrary1.csproj", "{ED395E3B-65BF-4F64-9A0C-3CF3DE9AF175}"
EndProject
Global
	GlobalSection(SolutionConfigurationPlatforms) = preSolution
		Debug|Any CPU = Debug|Any CPU
		Release|Any CPU = Release|Any CPU
	EndGlobalSection
	GlobalSection(ProjectConfigurationPlatforms) = postSolution
		{BD51C1D9-2FAB-41DD-987C-FE965860A3C5}.Debug|Any CPU.ActiveCfg = Debug|Any CPU
		{BD51C1D9-2FAB-41DD-987C-FE965860A3C5}.Debug|Any CPU.Build.0 = Debug|Any CPU
		{BD51C1D9-2FAB-41DD-987C-FE965860A3C5}.Release|Any CPU.ActiveCfg = Release|Any CPU
		{BD51C1D9-2FAB-41DD-987C-FE965860A3C5}.Release|Any CPU.Build.0 = Release|Any CPU
		{ED395E3B-65BF-4F64-9A0C-3CF3DE9AF175}.Debug|Any CPU.ActiveCfg = Debug|Any CPU
		{ED395E3B-65BF-4F64-9A0C-3CF3DE9AF175}.Debug|Any CPU.Build.0 = Debug|Any CPU
		{ED395E3B-65BF-4F64-9A0C-3CF3DE9AF175}.Release|Any CPU.ActiveCfg = Release|Any CPU
		{ED395E3B-65BF-4F64-9A0C-3CF3DE9AF175}.Release|Any CPU.Build.0 = Release|Any CPU
	EndGlobalSection
	GlobalSection(SolutionProperties) = preSolution
		HideSolutionNode = FALSE
	EndGlobalSection
	GlobalSection(ExtensibilityGlobals) = postSolution
		SolutionGuid = {79ABE82A-61A5-45B7-9AA2-3B4762681D57}
	EndGlobalSection
EndGlobal
